
Microsoft Visual Studio Solution File, Format Version 12.00
# Visual Studio Version 17
VisualStudioVersion = 17.0.31903.59
MinimumVisualStudioVersion = 10.0.40219.1
Project("{2150E333-8FDC-42A3-9474-1A3956D46DE8}") = "src", "src", "{827E0CD3-B72D-47B6-A68D-7590B98EB39B}"
EndProject
Project("{FAE04EC0-301F-11D3-BF4B-00C04F79EFBC}") = "NotifyUser", "src\NotifyUser\NotifyUser.csproj", "{8869B612-F40E-48BE-848D-509C165C33A0}"
EndProject
Project("{FAE04EC0-301F-11D3-BF4B-00C04F79EFBC}") = "NotifyUser.Domain", "src\NotifyUser.Domain\NotifyUser.Domain.csproj", "{CB31CD4C-2759-4A89-A92D-C5B71C904CF8}"
EndProject
Project("{FAE04EC0-301F-11D3-BF4B-00C04F79EFBC}") = "NotifyUser.Application", "src\NotifyUser.Application\NotifyUser.Application.csproj", "{962F0746-FBA7-4DA6-B5CE-07C2779BAA36}"
EndProject
Project("{FAE04EC0-301F-11D3-BF4B-00C04F79EFBC}") = "NotifyUser.Infrastructure", "src\NotifyUser.Infrastructure\NotifyUser.Infrastructure.csproj", "{9A594406-DC33-4B13-BE52-B6F1E8E46439}"
EndProject
Project("{2150E333-8FDC-42A3-9474-1A3956D46DE8}") = "tests", "tests", "{0AB3BF05-4346-4AA6-1389-037BE0695223}"
EndProject
Project("{FAE04EC0-301F-11D3-BF4B-00C04F79EFBC}") = "NotifyUser.Domain.Tests", "tests\NotifyUser.Domain.Tests\NotifyUser.Domain.Tests.csproj", "{C8BC6E7F-922A-4220-B9B4-BA50F17F30C8}"
EndProject
Project("{FAE04EC0-301F-11D3-BF4B-00C04F79EFBC}") = "NotifyUser.Application.Tests", "tests\NotifyUser.Application.Tests\NotifyUser.Application.Tests.csproj", "{A102A13D-A5F9-4F0B-9FC2-A4F70218BEB2}"
EndProject
Project("{FAE04EC0-301F-11D3-BF4B-00C04F79EFBC}") = "NotifyUser.Integration.Tests", "tests\NotifyUser.Integration.Tests\NotifyUser.Integration.Tests.csproj", "{71082395-D4CD-48A7-AE22-E07A656960F1}"
EndProject
Global
	GlobalSection(SolutionConfigurationPlatforms) = preSolution
		Debug|Any CPU = Debug|Any CPU
		Debug|x64 = Debug|x64
		Debug|x86 = Debug|x86
		Release|Any CPU = Release|Any CPU
		Release|x64 = Release|x64
		Release|x86 = Release|x86
	EndGlobalSection
	GlobalSection(ProjectConfigurationPlatforms) = postSolution
		{8869B612-F40E-48BE-848D-509C165C33A0}.Debug|Any CPU.ActiveCfg = Debug|Any CPU
		{8869B612-F40E-48BE-848D-509C165C33A0}.Debug|Any CPU.Build.0 = Debug|Any CPU
		{8869B612-F40E-48BE-848D-509C165C33A0}.Debug|x64.ActiveCfg = Debug|Any CPU
		{8869B612-F40E-48BE-848D-509C165C33A0}.Debug|x64.Build.0 = Debug|Any CPU
		{8869B612-F40E-48BE-848D-509C165C33A0}.Debug|x86.ActiveCfg = Debug|Any CPU
		{8869B612-F40E-48BE-848D-509C165C33A0}.Debug|x86.Build.0 = Debug|Any CPU
		{8869B612-F40E-48BE-848D-509C165C33A0}.Release|Any CPU.ActiveCfg = Release|Any CPU
		{8869B612-F40E-48BE-848D-509C165C33A0}.Release|Any CPU.Build.0 = Release|Any CPU
		{8869B612-F40E-48BE-848D-509C165C33A0}.Release|x64.ActiveCfg = Release|Any CPU
		{8869B612-F40E-48BE-848D-509C165C33A0}.Release|x64.Build.0 = Release|Any CPU
		{8869B612-F40E-48BE-848D-509C165C33A0}.Release|x86.ActiveCfg = Release|Any CPU
		{8869B612-F40E-48BE-848D-509C165C33A0}.Release|x86.Build.0 = Release|Any CPU
		{CB31CD4C-2759-4A89-A92D-C5B71C904CF8}.Debug|Any CPU.ActiveCfg = Debug|Any CPU
		{CB31CD4C-2759-4A89-A92D-C5B71C904CF8}.Debug|Any CPU.Build.0 = Debug|Any CPU
		{CB31CD4C-2759-4A89-A92D-C5B71C904CF8}.Debug|x64.ActiveCfg = Debug|Any CPU
		{CB31CD4C-2759-4A89-A92D-C5B71C904CF8}.Debug|x64.Build.0 = Debug|Any CPU
		{CB31CD4C-2759-4A89-A92D-C5B71C904CF8}.Debug|x86.ActiveCfg = Debug|Any CPU
		{CB31CD4C-2759-4A89-A92D-C5B71C904CF8}.Debug|x86.Build.0 = Debug|Any CPU
		{CB31CD4C-2759-4A89-A92D-C5B71C904CF8}.Release|Any CPU.ActiveCfg = Release|Any CPU
		{CB31CD4C-2759-4A89-A92D-C5B71C904CF8}.Release|Any CPU.Build.0 = Release|Any CPU
		{CB31CD4C-2759-4A89-A92D-C5B71C904CF8}.Release|x64.ActiveCfg = Release|Any CPU
		{CB31CD4C-2759-4A89-A92D-C5B71C904CF8}.Release|x64.Build.0 = Release|Any CPU
		{CB31CD4C-2759-4A89-A92D-C5B71C904CF8}.Release|x86.ActiveCfg = Release|Any CPU
		{CB31CD4C-2759-4A89-A92D-C5B71C904CF8}.Release|x86.Build.0 = Release|Any CPU
		{962F0746-FBA7-4DA6-B5CE-07C2779BAA36}.Debug|Any CPU.ActiveCfg = Debug|Any CPU
		{962F0746-FBA7-4DA6-B5CE-07C2779BAA36}.Debug|Any CPU.Build.0 = Debug|Any CPU
		{962F0746-FBA7-4DA6-B5CE-07C2779BAA36}.Debug|x64.ActiveCfg = Debug|Any CPU
		{962F0746-FBA7-4DA6-B5CE-07C2779BAA36}.Debug|x64.Build.0 = Debug|Any CPU
		{962F0746-FBA7-4DA6-B5CE-07C2779BAA36}.Debug|x86.ActiveCfg = Debug|Any CPU
		{962F0746-FBA7-4DA6-B5CE-07C2779BAA36}.Debug|x86.Build.0 = Debug|Any CPU
		{962F0746-FBA7-4DA6-B5CE-07C2779BAA36}.Release|Any CPU.ActiveCfg = Release|Any CPU
		{962F0746-FBA7-4DA6-B5CE-07C2779BAA36}.Release|Any CPU.Build.0 = Release|Any CPU
		{962F0746-FBA7-4DA6-B5CE-07C2779BAA36}.Release|x64.ActiveCfg = Release|Any CPU
		{962F0746-FBA7-4DA6-B5CE-07C2779BAA36}.Release|x64.Build.0 = Release|Any CPU
		{962F0746-FBA7-4DA6-B5CE-07C2779BAA36}.Release|x86.ActiveCfg = Release|Any CPU
		{962F0746-FBA7-4DA6-B5CE-07C2779BAA36}.Release|x86.Build.0 = Release|Any CPU
		{9A594406-DC33-4B13-BE52-B6F1E8E46439}.Debug|Any CPU.ActiveCfg = Debug|Any CPU
		{9A594406-DC33-4B13-BE52-B6F1E8E46439}.Debug|Any CPU.Build.0 = Debug|Any CPU
		{9A594406-DC33-4B13-BE52-B6F1E8E46439}.Debug|x64.ActiveCfg = Debug|Any CPU
		{9A594406-DC33-4B13-BE52-B6F1E8E46439}.Debug|x64.Build.0 = Debug|Any CPU
		{9A594406-DC33-4B13-BE52-B6F1E8E46439}.Debug|x86.ActiveCfg = Debug|Any CPU
		{9A594406-DC33-4B13-BE52-B6F1E8E46439}.Debug|x86.Build.0 = Debug|Any CPU
		{9A594406-DC33-4B13-BE52-B6F1E8E46439}.Release|Any CPU.ActiveCfg = Release|Any CPU
		{9A594406-DC33-4B13-BE52-B6F1E8E46439}.Release|Any CPU.Build.0 = Release|Any CPU
		{9A594406-DC33-4B13-BE52-B6F1E8E46439}.Release|x64.ActiveCfg = Release|Any CPU
		{9A594406-DC33-4B13-BE52-B6F1E8E46439}.Release|x64.Build.0 = Release|Any CPU
		{9A594406-DC33-4B13-BE52-B6F1E8E46439}.Release|x86.ActiveCfg = Release|Any CPU
		{9A594406-DC33-4B13-BE52-B6F1E8E46439}.Release|x86.Build.0 = Release|Any CPU
		{C8BC6E7F-922A-4220-B9B4-BA50F17F30C8}.Debug|Any CPU.ActiveCfg = Debug|Any CPU
		{C8BC6E7F-922A-4220-B9B4-BA50F17F30C8}.Debug|Any CPU.Build.0 = Debug|Any CPU
		{C8BC6E7F-922A-4220-B9B4-BA50F17F30C8}.Debug|x64.ActiveCfg = Debug|Any CPU
		{C8BC6E7F-922A-4220-B9B4-BA50F17F30C8}.Debug|x64.Build.0 = Debug|Any CPU
		{C8BC6E7F-922A-4220-B9B4-BA50F17F30C8}.Debug|x86.ActiveCfg = Debug|Any CPU
		{C8BC6E7F-922A-4220-B9B4-BA50F17F30C8}.Debug|x86.Build.0 = Debug|Any CPU
		{C8BC6E7F-922A-4220-B9B4-BA50F17F30C8}.Release|Any CPU.ActiveCfg = Release|Any CPU
		{C8BC6E7F-922A-4220-B9B4-BA50F17F30C8}.Release|Any CPU.Build.0 = Release|Any CPU
		{C8BC6E7F-922A-4220-B9B4-BA50F17F30C8}.Release|x64.ActiveCfg = Release|Any CPU
		{C8BC6E7F-922A-4220-B9B4-BA50F17F30C8}.Release|x64.Build.0 = Release|Any CPU
		{C8BC6E7F-922A-4220-B9B4-BA50F17F30C8}.Release|x86.ActiveCfg = Release|Any CPU
		{C8BC6E7F-922A-4220-B9B4-BA50F17F30C8}.Release|x86.Build.0 = Release|Any CPU
		{A102A13D-A5F9-4F0B-9FC2-A4F70218BEB2}.Debug|Any CPU.ActiveCfg = Debug|Any CPU
		{A102A13D-A5F9-4F0B-9FC2-A4F70218BEB2}.Debug|Any CPU.Build.0 = Debug|Any CPU
		{A102A13D-A5F9-4F0B-9FC2-A4F70218BEB2}.Debug|x64.ActiveCfg = Debug|Any CPU
		{A102A13D-A5F9-4F0B-9FC2-A4F70218BEB2}.Debug|x64.Build.0 = Debug|Any CPU
		{A102A13D-A5F9-4F0B-9FC2-A4F70218BEB2}.Debug|x86.ActiveCfg = Debug|Any CPU
		{A102A13D-A5F9-4F0B-9FC2-A4F70218BEB2}.Debug|x86.Build.0 = Debug|Any CPU
		{A102A13D-A5F9-4F0B-9FC2-A4F70218BEB2}.Release|Any CPU.ActiveCfg = Release|Any CPU
		{A102A13D-A5F9-4F0B-9FC2-A4F70218BEB2}.Release|Any CPU.Build.0 = Release|Any CPU
		{A102A13D-A5F9-4F0B-9FC2-A4F70218BEB2}.Release|x64.ActiveCfg = Release|Any CPU
		{A102A13D-A5F9-4F0B-9FC2-A4F70218BEB2}.Release|x64.Build.0 = Release|Any CPU
		{A102A13D-A5F9-4F0B-9FC2-A4F70218BEB2}.Release|x86.ActiveCfg = Release|Any CPU
		{A102A13D-A5F9-4F0B-9FC2-A4F70218BEB2}.Release|x86.Build.0 = Release|Any CPU
		{71082395-D4CD-48A7-AE22-E07A656960F1}.Debug|Any CPU.ActiveCfg = Debug|Any CPU
		{71082395-D4CD-48A7-AE22-E07A656960F1}.Debug|Any CPU.Build.0 = Debug|Any CPU
		{71082395-D4CD-48A7-AE22-E07A656960F1}.Debug|x64.ActiveCfg = Debug|Any CPU
		{71082395-D4CD-48A7-AE22-E07A656960F1}.Debug|x64.Build.0 = Debug|Any CPU
		{71082395-D4CD-48A7-AE22-E07A656960F1}.Debug|x86.ActiveCfg = Debug|Any CPU
		{71082395-D4CD-48A7-AE22-E07A656960F1}.Debug|x86.Build.0 = Debug|Any CPU
		{71082395-D4CD-48A7-AE22-E07A656960F1}.Release|Any CPU.ActiveCfg = Release|Any CPU
		{71082395-D4CD-48A7-AE22-E07A656960F1}.Release|Any CPU.Build.0 = Release|Any CPU
		{71082395-D4CD-48A7-AE22-E07A656960F1}.Release|x64.ActiveCfg = Release|Any CPU
		{71082395-D4CD-48A7-AE22-E07A656960F1}.Release|x64.Build.0 = Release|Any CPU
		{71082395-D4CD-48A7-AE22-E07A656960F1}.Release|x86.ActiveCfg = Release|Any CPU
		{71082395-D4CD-48A7-AE22-E07A656960F1}.Release|x86.Build.0 = Release|Any CPU
	EndGlobalSection
	GlobalSection(SolutionProperties) = preSolution
		HideSolutionNode = FALSE
	EndGlobalSection
	GlobalSection(NestedProjects) = preSolution
		{8869B612-F40E-48BE-848D-509C165C33A0} = {827E0CD3-B72D-47B6-A68D-7590B98EB39B}
		{CB31CD4C-2759-4A89-A92D-C5B71C904CF8} = {827E0CD3-B72D-47B6-A68D-7590B98EB39B}
		{962F0746-FBA7-4DA6-B5CE-07C2779BAA36} = {827E0CD3-B72D-47B6-A68D-7590B98EB39B}
		{9A594406-DC33-4B13-BE52-B6F1E8E46439} = {827E0CD3-B72D-47B6-A68D-7590B98EB39B}
		{C8BC6E7F-922A-4220-B9B4-BA50F17F30C8} = {0AB3BF05-4346-4AA6-1389-037BE0695223}
		{A102A13D-A5F9-4F0B-9FC2-A4F70218BEB2} = {0AB3BF05-4346-4AA6-1389-037BE0695223}
		{71082395-D4CD-48A7-AE22-E07A656960F1} = {0AB3BF05-4346-4AA6-1389-037BE0695223}
	EndGlobalSection
EndGlobal
